
Microsoft Visual Studio Solution File, Format Version 12.00
# Visual Studio Version 17
VisualStudioVersion = 17.8.34309.116
MinimumVisualStudioVersion = 10.0.40219.1
Project("{2150E333-8FDC-42A3-9474-1A3956D46DE8}") = "docs", "docs", "{37494442-CBAD-425A-8F4C-EB0F001BBE81}"
	ProjectSection(SolutionItems) = preProject
		docs\requisitos.md = docs\requisitos.md
	EndProjectSection
EndProject
Project("{E53339B2-1760-4266-BCC7-CA923CBCF16C}") = "docker-compose", "docker-compose.dcproj", "{33557A28-D93F-48A7-86CE-632BF217224F}"
EndProject
Project("{FAE04EC0-301F-11D3-BF4B-00C04F79EFBC}") = "Wilgnne.Agenda.Infra", "Wilgnne.Agenda.Infra\Wilgnne.Agenda.Infra.csproj", "{691141DE-E6B6-41F4-AE5C-8987DA4A4F07}"
EndProject
Project("{FAE04EC0-301F-11D3-BF4B-00C04F79EFBC}") = "Wilgnne.Agenda.Domain", "Wilgnne.Agenda.Domain\Wilgnne.Agenda.Domain.csproj", "{DB10337D-790B-4BC3-8B36-04C1D6B08F9A}"
EndProject
Project("{FAE04EC0-301F-11D3-BF4B-00C04F79EFBC}") = "Wilgnne.Agenda.Api", "Wilgnne.Agenda.Api\Wilgnne.Agenda.Api.csproj", "{E5A74BA1-F5CE-4ADA-B13F-C6F3AB20518E}"
EndProject
Project("{FAE04EC0-301F-11D3-BF4B-00C04F79EFBC}") = "Wilgnne.Agenda.Application", "Wilgnne.Agenda.Application\Wilgnne.Agenda.Application.csproj", "{45A1F49C-1844-4777-8716-5AF620DD1417}"
EndProject
Project("{FAE04EC0-301F-11D3-BF4B-00C04F79EFBC}") = "Wilgnne.Agenda.Application.Tests", "Wilgnne.Agenda.Application.Tests\Wilgnne.Agenda.Application.Tests.csproj", "{22E70A56-4BD1-46CB-A0DF-D34F67C2EF32}"
EndProject
Global
	GlobalSection(SolutionConfigurationPlatforms) = preSolution
		Debug|Any CPU = Debug|Any CPU
		Release|Any CPU = Release|Any CPU
	EndGlobalSection
	GlobalSection(ProjectConfigurationPlatforms) = postSolution
		{33557A28-D93F-48A7-86CE-632BF217224F}.Debug|Any CPU.ActiveCfg = Debug|Any CPU
		{33557A28-D93F-48A7-86CE-632BF217224F}.Debug|Any CPU.Build.0 = Debug|Any CPU
		{33557A28-D93F-48A7-86CE-632BF217224F}.Release|Any CPU.ActiveCfg = Release|Any CPU
		{33557A28-D93F-48A7-86CE-632BF217224F}.Release|Any CPU.Build.0 = Release|Any CPU
		{691141DE-E6B6-41F4-AE5C-8987DA4A4F07}.Debug|Any CPU.ActiveCfg = Debug|Any CPU
		{691141DE-E6B6-41F4-AE5C-8987DA4A4F07}.Debug|Any CPU.Build.0 = Debug|Any CPU
		{691141DE-E6B6-41F4-AE5C-8987DA4A4F07}.Release|Any CPU.ActiveCfg = Release|Any CPU
		{691141DE-E6B6-41F4-AE5C-8987DA4A4F07}.Release|Any CPU.Build.0 = Release|Any CPU
		{DB10337D-790B-4BC3-8B36-04C1D6B08F9A}.Debug|Any CPU.ActiveCfg = Debug|Any CPU
		{DB10337D-790B-4BC3-8B36-04C1D6B08F9A}.Debug|Any CPU.Build.0 = Debug|Any CPU
		{DB10337D-790B-4BC3-8B36-04C1D6B08F9A}.Release|Any CPU.ActiveCfg = Release|Any CPU
		{DB10337D-790B-4BC3-8B36-04C1D6B08F9A}.Release|Any CPU.Build.0 = Release|Any CPU
		{E5A74BA1-F5CE-4ADA-B13F-C6F3AB20518E}.Debug|Any CPU.ActiveCfg = Debug|Any CPU
		{E5A74BA1-F5CE-4ADA-B13F-C6F3AB20518E}.Debug|Any CPU.Build.0 = Debug|Any CPU
		{E5A74BA1-F5CE-4ADA-B13F-C6F3AB20518E}.Release|Any CPU.ActiveCfg = Release|Any CPU
		{E5A74BA1-F5CE-4ADA-B13F-C6F3AB20518E}.Release|Any CPU.Build.0 = Release|Any CPU
		{45A1F49C-1844-4777-8716-5AF620DD1417}.Debug|Any CPU.ActiveCfg = Debug|Any CPU
		{45A1F49C-1844-4777-8716-5AF620DD1417}.Debug|Any CPU.Build.0 = Debug|Any CPU
		{45A1F49C-1844-4777-8716-5AF620DD1417}.Release|Any CPU.ActiveCfg = Release|Any CPU
		{45A1F49C-1844-4777-8716-5AF620DD1417}.Release|Any CPU.Build.0 = Release|Any CPU
		{22E70A56-4BD1-46CB-A0DF-D34F67C2EF32}.Debug|Any CPU.ActiveCfg = Debug|Any CPU
		{22E70A56-4BD1-46CB-A0DF-D34F67C2EF32}.Debug|Any CPU.Build.0 = Debug|Any CPU
		{22E70A56-4BD1-46CB-A0DF-D34F67C2EF32}.Release|Any CPU.ActiveCfg = Release|Any CPU
		{22E70A56-4BD1-46CB-A0DF-D34F67C2EF32}.Release|Any CPU.Build.0 = Release|Any CPU
	EndGlobalSection
	GlobalSection(SolutionProperties) = preSolution
		HideSolutionNode = FALSE
	EndGlobalSection
	GlobalSection(ExtensibilityGlobals) = postSolution
		SolutionGuid = {B9B75284-9A40-4CBA-94F7-16B0535C6CDF}
	EndGlobalSection
EndGlobal
